// !$*UTF8*$!
{
	archiveVersion = 1;
	classes = {
	};
	objectVersion = 46;
	objects = {

/* Begin PBXBuildFile section */
		9FF1CC9C1CC5A970003EB435 /* AppDelegate.swift in Sources */ = {isa = PBXBuildFile; fileRef = 9FF1CC9B1CC5A970003EB435 /* AppDelegate.swift */; };
		9FF1CC9E1CC5A970003EB435 /* ViewController.swift in Sources */ = {isa = PBXBuildFile; fileRef = 9FF1CC9D1CC5A970003EB435 /* ViewController.swift */; };
		9FF1CCA11CC5A970003EB435 /* Main.storyboard in Resources */ = {isa = PBXBuildFile; fileRef = 9FF1CC9F1CC5A970003EB435 /* Main.storyboard */; };
		9FF1CCA31CC5A970003EB435 /* Assets.xcassets in Resources */ = {isa = PBXBuildFile; fileRef = 9FF1CCA21CC5A970003EB435 /* Assets.xcassets */; };
		9FF1CCA61CC5A970003EB435 /* LaunchScreen.storyboard in Resources */ = {isa = PBXBuildFile; fileRef = 9FF1CCA41CC5A970003EB435 /* LaunchScreen.storyboard */; };
/* End PBXBuildFile section */

/* Begin PBXFileReference section */
		9FF1CC981CC5A970003EB435 /* Times Tables.app */ = {isa = PBXFileReference; explicitFileType = wrapper.application; includeInIndex = 0; path = "Times Tables.app"; sourceTree = BUILT_PRODUCTS_DIR; };
		9FF1CC9B1CC5A970003EB435 /* AppDelegate.swift */ = {isa = PBXFileReference; lastKnownFileType = sourcecode.swift; path = AppDelegate.swift; sourceTree = "<group>"; };
		9FF1CC9D1CC5A970003EB435 /* ViewController.swift */ = {isa = PBXFileReference; lastKnownFileType = sourcecode.swift; path = ViewController.swift; sourceTree = "<group>"; };
		9FF1CCA01CC5A970003EB435 /* Base */ = {isa = PBXFileReference; lastKnownFileType = file.storyboard; name = Base; path = Base.lproj/Main.storyboard; sourceTree = "<group>"; };
		9FF1CCA21CC5A970003EB435 /* Assets.xcassets */ = {isa = PBXFileReference; lastKnownFileType = folder.assetcatalog; path = Assets.xcassets; sourceTree = "<group>"; };
		9FF1CCA51CC5A970003EB435 /* Base */ = {isa = PBXFileReference; lastKnownFileType = file.storyboard; name = Base; path = Base.lproj/LaunchScreen.storyboard; sourceTree = "<group>"; };
		9FF1CCA71CC5A970003EB435 /* Info.plist */ = {isa = PBXFileReference; lastKnownFileType = text.plist.xml; path = Info.plist; sourceTree = "<group>"; };
/* End PBXFileReference section */

/* Begin PBXFrameworksBuildPhase section */
		9FF1CC951CC5A970003EB435 /* Frameworks */ = {
			isa = PBXFrameworksBuildPhase;
			buildActionMask = 2147483647;
			files = (
			);
			runOnlyForDeploymentPostprocessing = 0;
		};
/* End PBXFrameworksBuildPhase section */

/* Begin PBXGroup section */
		9FF1CC8F1CC5A970003EB435 = {
			isa = PBXGroup;
			children = (
				9FF1CC9A1CC5A970003EB435 /* Times Tables */,
				9FF1CC991CC5A970003EB435 /* Products */,
			);
			sourceTree = "<group>";
		};
		9FF1CC991CC5A970003EB435 /* Products */ = {
			isa = PBXGroup;
			children = (
				9FF1CC981CC5A970003EB435 /* Times Tables.app */,
			);
			name = Products;
			sourceTree = "<group>";
		};
		9FF1CC9A1CC5A970003EB435 /* Times Tables */ = {
			isa = PBXGroup;
			children = (
				9FF1CC9B1CC5A970003EB435 /* AppDelegate.swift */,
				9FF1CC9D1CC5A970003EB435 /* ViewController.swift */,
				9FF1CC9F1CC5A970003EB435 /* Main.storyboard */,
				9FF1CCA21CC5A970003EB435 /* Assets.xcassets */,
				9FF1CCA41CC5A970003EB435 /* LaunchScreen.storyboard */,
				9FF1CCA71CC5A970003EB435 /* Info.plist */,
			);
			path = "Times Tables";
			sourceTree = "<group>";
		};
/* End PBXGroup section */

/* Begin PBXNativeTarget section */
		9FF1CC971CC5A970003EB435 /* Times Tables */ = {
			isa = PBXNativeTarget;
			buildConfigurationList = 9FF1CCAA1CC5A970003EB435 /* Build configuration list for PBXNativeTarget "Times Tables" */;
			buildPhases = (
				9FF1CC941CC5A970003EB435 /* Sources */,
				9FF1CC951CC5A970003EB435 /* Frameworks */,
				9FF1CC961CC5A970003EB435 /* Resources */,
			);
			buildRules = (
			);
			dependencies = (
			);
			name = "Times Tables";
			productName = "Times Tables";
			productReference = 9FF1CC981CC5A970003EB435 /* Times Tables.app */;
			productType = "com.apple.product-type.application";
		};
/* End PBXNativeTarget section */

/* Begin PBXProject section */
		9FF1CC901CC5A970003EB435 /* Project object */ = {
			isa = PBXProject;
			attributes = {
				LastSwiftUpdateCheck = 0730;
				LastUpgradeCheck = 0730;
				ORGANIZATIONNAME = "Rya Lignitz";
				TargetAttributes = {
					9FF1CC971CC5A970003EB435 = {
						CreatedOnToolsVersion = 7.3;
					};
				};
			};
			buildConfigurationList = 9FF1CC931CC5A970003EB435 /* Build configuration list for PBXProject "Times Tables" */;
			compatibilityVersion = "Xcode 3.2";
			developmentRegion = English;
			hasScannedForEncodings = 0;
			knownRegions = (
				en,
				Base,
			);
			mainGroup = 9FF1CC8F1CC5A970003EB435;
			productRefGroup = 9FF1CC991CC5A970003EB435 /* Products */;
			projectDirPath = "";
			projectRoot = "";
			targets = (
				9FF1CC971CC5A970003EB435 /* Times Tables */,
			);
		};
/* End PBXProject section */

/* Begin PBXResourcesBuildPhase section */
		9FF1CC961CC5A970003EB435 /* Resources */ = {
			isa = PBXResourcesBuildPhase;
			buildActionMask = 2147483647;
			files = (
				9FF1CCA61CC5A970003EB435 /* LaunchScreen.storyboard in Resources */,
				9FF1CCA31CC5A970003EB435 /* Assets.xcassets in Resources */,
				9FF1CCA11CC5A970003EB435 /* Main.storyboard in Resources */,
			);
			runOnlyForDeploymentPostprocessing = 0;
		};
/* End PBXResourcesBuildPhase section */

/* Begin PBXSourcesBuildPhase section */
		9FF1CC941CC5A970003EB435 /* Sources */ = {
			isa = PBXSourcesBuildPhase;
			buildActionMask = 2147483647;
			files = (
				9FF1CC9E1CC5A970003EB435 /* ViewController.swift in Sources */,
				9FF1CC9C1CC5A970003EB435 /* AppDelegate.swift in Sources */,
			);
			runOnlyForDeploymentPostprocessing = 0;
		};
/* End PBXSourcesBuildPhase section */

/* Begin PBXVariantGroup section */
		9FF1CC9F1CC5A970003EB435 /* Main.storyboard */ = {
			isa = PBXVariantGroup;
			children = (
				9FF1CCA01CC5A970003EB435 /* Base */,
			);
			name = Main.storyboard;
			sourceTree = "<group>";
		};
		9FF1CCA41CC5A970003EB435 /* LaunchScreen.storyboard */ = {
			isa = PBXVariantGroup;
			children = (
				9FF1CCA51CC5A970003EB435 /* Base */,
			);
			name = LaunchScreen.storyboard;
			sourceTree = "<group>";
		};
/* End PBXVariantGroup section */

/* Begin XCBuildConfiguration section */
		9FF1CCA81CC5A970003EB435 /* Debug */ = {
			isa = XCBuildConfiguration;
			buildSettings = {
				ALWAYS_SEARCH_USER_PATHS = NO;
				CLANG_ANALYZER_NONNULL = YES;
				CLANG_CXX_LANGUAGE_STANDARD = "gnu++0x";
				CLANG_CXX_LIBRARY = "libc++";
				CLANG_ENABLE_MODULES = YES;
				CLANG_ENABLE_OBJC_ARC = YES;
				CLANG_WARN_BOOL_CONVERSION = YES;
				CLANG_WARN_CONSTANT_CONVERSION = YES;
				CLANG_WARN_DIRECT_OBJC_ISA_USAGE = YES_ERROR;
				CLANG_WARN_EMPTY_BODY = YES;
				CLANG_WARN_ENUM_CONVERSION = YES;
				CLANG_WARN_INT_CONVERSION = YES;
				CLANG_WARN_OBJC_ROOT_CLASS = YES_ERROR;
				CLANG_WARN_UNREACHABLE_CODE = YES;
				CLANG_WARN__DUPLICATE_METHOD_MATCH = YES;
				"CODE_SIGN_IDENTITY[sdk=iphoneos*]" = "iPhone Developer";
				COPY_PHASE_STRIP = NO;
				DEBUG_INFORMATION_FORMAT = dwarf;
				ENABLE_STRICT_OBJC_MSGSEND = YES;
				ENABLE_TESTABILITY = YES;
				GCC_C_LANGUAGE_STANDARD = gnu99;
				GCC_DYNAMIC_NO_PIC = NO;
				GCC_NO_COMMON_BLOCKS = YES;
				GCC_OPTIMIZATION_LEVEL = 0;
				GCC_PREPROCESSOR_DEFINITIONS = (
					"DEBUG=1",
					"$(inherited)",
				);
				GCC_WARN_64_TO_32_BIT_CONVERSION = YES;
				GCC_WARN_ABOUT_RETURN_TYPE = YES_ERROR;
				GCC_WARN_UNDECLARED_SELECTOR = YES;
				GCC_WARN_UNINITIALIZED_AUTOS = YES_AGGRESSIVE;
				GCC_WARN_UNUSED_FUNCTION = YES;
				GCC_WARN_UNUSED_VARIABLE = YES;
				IPHONEOS_DEPLOYMENT_TARGET = 9.3;
				MTL_ENABLE_DEBUG_INFO = YES;
				ONLY_ACTIVE_ARCH = YES;
				SDKROOT = iphoneos;
				SWIFT_OPTIMIZATION_LEVEL = "-Onone";
			};
			name = Debug;
		};
		9FF1CCA91CC5A970003EB435 /* Release */ = {
			isa = XCBuildConfiguration;
			buildSettings = {
				ALWAYS_SEARCH_USER_PATHS = NO;
				CLANG_ANALYZER_NONNULL = YES;
				CLANG_CXX_LANGUAGE_STANDARD = "gnu++0x";
				CLANG_CXX_LIBRARY = "libc++";
				CLANG_ENABLE_MODULES = YES;
				CLANG_ENABLE_OBJC_ARC = YES;
				CLANG_WARN_BOOL_CONVERSION = YES;
				CLANG_WARN_CONSTANT_CONVERSION = YES;
				CLANG_WARN_DIRECT_OBJC_ISA_USAGE = YES_ERROR;
				CLANG_WARN_EMPTY_BODY = YES;
				CLANG_WARN_ENUM_CONVERSION = YES;
				CLANG_WARN_INT_CONVERSION = YES;
				CLANG_WARN_OBJC_ROOT_CLASS = YES_ERROR;
				CLANG_WARN_UNREACHABLE_CODE = YES;
				CLANG_WARN__DUPLICATE_METHOD_MATCH = YES;
				"CODE_SIGN_IDENTITY[sdk=iphoneos*]" = "iPhone Developer";
				COPY_PHASE_STRIP = NO;
				DEBUG_INFORMATION_FORMAT = "dwarf-with-dsym";
				ENABLE_NS_ASSERTIONS = NO;
				ENABLE_STRICT_OBJC_MSGSEND = YES;
				GCC_C_LANGUAGE_STANDARD = gnu99;
				GCC_NO_COMMON_BLOCKS = YES;
				GCC_WARN_64_TO_32_BIT_CONVERSION = YES;
				GCC_WARN_ABOUT_RETURN_TYPE = YES_ERROR;
				GCC_WARN_UNDECLARED_SELECTOR = YES;
				GCC_WARN_UNINITIALIZED_AUTOS = YES_AGGRESSIVE;
				GCC_WARN_UNUSED_FUNCTION = YES;
				GCC_WARN_UNUSED_VARIABLE = YES;
				IPHONEOS_DEPLOYMENT_TARGET = 9.3;
				MTL_ENABLE_DEBUG_INFO = NO;
				SDKROOT = iphoneos;
				VALIDATE_PRODUCT = YES;
			};
			name = Release;
		};
		9FF1CCAB1CC5A970003EB435 /* Debug */ = {
			isa = XCBuildConfiguration;
			buildSettings = {
				ASSETCATALOG_COMPILER_APPICON_NAME = AppIcon;
				INFOPLIST_FILE = "Times Tables/Info.plist";
				LD_RUNPATH_SEARCH_PATHS = "$(inherited) @executable_path/Frameworks";
				PRODUCT_BUNDLE_IDENTIFIER = "com.ryalignitz.Times-Tables";
				PRODUCT_NAME = "$(TARGET_NAME)";
			};
			name = Debug;
		};
		9FF1CCAC1CC5A970003EB435 /* Release */ = {
			isa = XCBuildConfiguration;
			buildSettings = {
				ASSETCATALOG_COMPILER_APPICON_NAME = AppIcon;
				INFOPLIST_FILE = "Times Tables/Info.plist";
				LD_RUNPATH_SEARCH_PATHS = "$(inherited) @executable_path/Frameworks";
				PRODUCT_BUNDLE_IDENTIFIER = "com.ryalignitz.Times-Tables";
				PRODUCT_NAME = "$(TARGET_NAME)";
			};
			name = Release;
		};
/* End XCBuildConfiguration section */

/* Begin XCConfigurationList section */
		9FF1CC931CC5A970003EB435 /* Build configuration list for PBXProject "Times Tables" */ = {
			isa = XCConfigurationList;
			buildConfigurations = (
				9FF1CCA81CC5A970003EB435 /* Debug */,
				9FF1CCA91CC5A970003EB435 /* Release */,
			);
			defaultConfigurationIsVisible = 0;
			defaultConfigurationName = Release;
		};
		9FF1CCAA1CC5A970003EB435 /* Build configuration list for PBXNativeTarget "Times Tables" */ = {
			isa = XCConfigurationList;
			buildConfigurations = (
				9FF1CCAB1CC5A970003EB435 /* Debug */,
				9FF1CCAC1CC5A970003EB435 /* Release */,
			);
			defaultConfigurationIsVisible = 0;
		};
/* End XCConfigurationList section */
	};
	rootObject = 9FF1CC901CC5A970003EB435 /* Project object */;
}
